{
    "_meta": {
        "hash": {
            "sha256": "e7231d8303c84655433c55720223686318bcedf7a5da52f5a1b561b853098896"
        },
        "pipfile-spec": 6,
        "requires": {
            "python_version": "3.8"
        },
        "sources": [
            {
                "name": "pypi",
                "url": "https://pypi.org/simple",
                "verify_ssl": true
            }
        ]
    },
    "default": {
        "pgn-parser": {
            "hashes": [
                "sha256:58504a2444cfb8461d58429b8568a1cca514233b12a4b2becfb1cf7f87c9fb60",
                "sha256:c5a73cb7af56a91e1aa9c2376f463a22f4be4006f49186339f32175a0ba9a320"
            ],
            "index": "pypi",
            "version": "==1.1.0"
        }
    },
    "develop": {}
}
